
Microsoft Visual Studio Solution File, Format Version 12.00
# Visual Studio 15
VisualStudioVersion = 15.0.26730.16
MinimumVisualStudioVersion = 10.0.40219.1
Project("{FAE04EC0-301F-11D3-BF4B-00C04F79EFBC}") = "Book", "Book\Book.csproj", "{91EB18E7-5EEF-42EE-A437-8615BBC76DBC}"
EndProject
Global
	GlobalSection(SolutionConfigurationPlatforms) = preSolution
		Debug|Any CPU = Debug|Any CPU
		Release|Any CPU = Release|Any CPU
	EndGlobalSection
	GlobalSection(ProjectConfigurationPlatforms) = postSolution
		{91EB18E7-5EEF-42EE-A437-8615BBC76DBC}.Debug|Any CPU.ActiveCfg = Debug|Any CPU
		{91EB18E7-5EEF-42EE-A437-8615BBC76DBC}.Debug|Any CPU.Build.0 = Debug|Any CPU
		{91EB18E7-5EEF-42EE-A437-8615BBC76DBC}.Release|Any CPU.ActiveCfg = Release|Any CPU
		{91EB18E7-5EEF-42EE-A437-8615BBC76DBC}.Release|Any CPU.Build.0 = Release|Any CPU
	EndGlobalSection
	GlobalSection(SolutionProperties) = preSolution
		HideSolutionNode = FALSE
	EndGlobalSection
	GlobalSection(ExtensibilityGlobals) = postSolution
		SolutionGuid = {6254D99B-3C6B-4E5D-A161-65654A0CF05A}
	EndGlobalSection
EndGlobal
